
Microsoft Visual Studio Solution File, Format Version 12.00
# Visual Studio Version 17
VisualStudioVersion = 17.7.34221.43
MinimumVisualStudioVersion = 10.0.40219.1
Project("{2150E333-8FDC-42A3-9474-1A3956D46DE8}") = "src", "src", "{1E567F4F-66B8-4D0E-8BA3-01D75996B93A}"
EndProject
Project("{2150E333-8FDC-42A3-9474-1A3956D46DE8}") = "test", "test", "{82759DFE-04C3-4112-9ED0-097CC1AF3568}"
EndProject
Project("{2150E333-8FDC-42A3-9474-1A3956D46DE8}") = "API", "API", "{FB62546E-1CEF-4845-A3D4-9342316A7B50}"
EndProject
Project("{2150E333-8FDC-42A3-9474-1A3956D46DE8}") = "Core", "Core", "{8DA4C613-7B7A-4C55-AC11-DE4321555BF0}"
EndProject
Project("{2150E333-8FDC-42A3-9474-1A3956D46DE8}") = "Infrastructure", "Infrastructure", "{524BB62B-3233-4732-B240-1E1158B19BAD}"
EndProject
Project("{2150E333-8FDC-42A3-9474-1A3956D46DE8}") = "UI", "UI", "{6EBD9E9D-1AEA-4680-8920-496852DD66F8}"
EndProject
Project("{FAE04EC0-301F-11D3-BF4B-00C04F79EFBC}") = "University.Domain", "University.Domain\University.Domain.csproj", "{6570DCE2-1054-4600-B6B5-A2593F5A9DAD}"
EndProject
Project("{FAE04EC0-301F-11D3-BF4B-00C04F79EFBC}") = "University.Application", "University.Application\University.Application.csproj", "{1151DACD-BB9D-4AED-85EB-E7A71A6C843D}"
EndProject
Global
	GlobalSection(SolutionConfigurationPlatforms) = preSolution
		Debug|Any CPU = Debug|Any CPU
		Release|Any CPU = Release|Any CPU
	EndGlobalSection
	GlobalSection(ProjectConfigurationPlatforms) = postSolution
		{6570DCE2-1054-4600-B6B5-A2593F5A9DAD}.Debug|Any CPU.ActiveCfg = Debug|Any CPU
		{6570DCE2-1054-4600-B6B5-A2593F5A9DAD}.Debug|Any CPU.Build.0 = Debug|Any CPU
		{6570DCE2-1054-4600-B6B5-A2593F5A9DAD}.Release|Any CPU.ActiveCfg = Release|Any CPU
		{6570DCE2-1054-4600-B6B5-A2593F5A9DAD}.Release|Any CPU.Build.0 = Release|Any CPU
		{1151DACD-BB9D-4AED-85EB-E7A71A6C843D}.Debug|Any CPU.ActiveCfg = Debug|Any CPU
		{1151DACD-BB9D-4AED-85EB-E7A71A6C843D}.Debug|Any CPU.Build.0 = Debug|Any CPU
		{1151DACD-BB9D-4AED-85EB-E7A71A6C843D}.Release|Any CPU.ActiveCfg = Release|Any CPU
		{1151DACD-BB9D-4AED-85EB-E7A71A6C843D}.Release|Any CPU.Build.0 = Release|Any CPU
	EndGlobalSection
	GlobalSection(SolutionProperties) = preSolution
		HideSolutionNode = FALSE
	EndGlobalSection
	GlobalSection(NestedProjects) = preSolution
		{FB62546E-1CEF-4845-A3D4-9342316A7B50} = {1E567F4F-66B8-4D0E-8BA3-01D75996B93A}
		{8DA4C613-7B7A-4C55-AC11-DE4321555BF0} = {1E567F4F-66B8-4D0E-8BA3-01D75996B93A}
		{524BB62B-3233-4732-B240-1E1158B19BAD} = {1E567F4F-66B8-4D0E-8BA3-01D75996B93A}
		{6EBD9E9D-1AEA-4680-8920-496852DD66F8} = {1E567F4F-66B8-4D0E-8BA3-01D75996B93A}
		{6570DCE2-1054-4600-B6B5-A2593F5A9DAD} = {8DA4C613-7B7A-4C55-AC11-DE4321555BF0}
		{1151DACD-BB9D-4AED-85EB-E7A71A6C843D} = {8DA4C613-7B7A-4C55-AC11-DE4321555BF0}
	EndGlobalSection
	GlobalSection(ExtensibilityGlobals) = postSolution
		SolutionGuid = {AAD0616C-7B13-4ED8-A0C2-2F8F04BA98A3}
	EndGlobalSection
EndGlobal
